
Microsoft Visual Studio Solution File, Format Version 12.00
# Visual Studio Version 16
VisualStudioVersion = 16.0.31624.102
MinimumVisualStudioVersion = 10.0.40219.1
Project("{FAE04EC0-301F-11D3-BF4B-00C04F79EFBC}") = "ControlIngresosGastos", "ControlIngresosGastos.csproj", "{B77EAE02-7126-43DC-A8AA-E3ACC4D7A513}"
EndProject
Global
	GlobalSection(SolutionConfigurationPlatforms) = preSolution
		Debug|Any CPU = Debug|Any CPU
		Release|Any CPU = Release|Any CPU
	EndGlobalSection
	GlobalSection(ProjectConfigurationPlatforms) = postSolution
		{B77EAE02-7126-43DC-A8AA-E3ACC4D7A513}.Debug|Any CPU.ActiveCfg = Debug|Any CPU
		{B77EAE02-7126-43DC-A8AA-E3ACC4D7A513}.Debug|Any CPU.Build.0 = Debug|Any CPU
		{B77EAE02-7126-43DC-A8AA-E3ACC4D7A513}.Release|Any CPU.ActiveCfg = Release|Any CPU
		{B77EAE02-7126-43DC-A8AA-E3ACC4D7A513}.Release|Any CPU.Build.0 = Release|Any CPU
	EndGlobalSection
	GlobalSection(SolutionProperties) = preSolution
		HideSolutionNode = FALSE
	EndGlobalSection
	GlobalSection(ExtensibilityGlobals) = postSolution
		SolutionGuid = {9FFFE8D8-2126-422E-958E-4DDDE0509D11}
	EndGlobalSection
EndGlobal
